# This file is autogenerated, do not edit; changes may be undone by the next 'dep ensure'.


[[projects]]
  branch = "master"
  digest = "1:1ba1d79f2810270045c328ae5d674321db34e3aae468eb4233883b473c5c0467"
  name = "github.com/golang/glog"
  packages = ["."]
  pruneopts = "UT"
  revision = "23def4e6c14b4da8ac2ed8007337bc5eb5007998"

[[projects]]
  branch = "master"
  digest = "1:e56ffb2c2901382a5bc850111900ac815080c10ec01926143851107f42feb5ae"
  name = "github.com/kidoman/embd"
  packages = [
    ".",
    "host/generic",
    "host/rpi",
  ]
  pruneopts = "UT"
  revision = "d3d8c0c5c68dc6caccebb7d720f36e64bafd0a62"

[[projects]]
  branch = "master"
  digest = "1:d42efd1125c54e0a4e625959feb043d6791960bfd47e99af4aa730aa66470b79"
  name = "github.com/reef-pi/hal"
  packages = ["."]
  pruneopts = "UT"
  revision = "75ffcaf9358b0a446e600e22a6bacfef8d6f1507"

[solve-meta]
  analyzer-name = "dep"
  analyzer-version = 1
  input-imports = [
    "github.com/kidoman/embd",
    "github.com/kidoman/embd/host/rpi",
    "github.com/reef-pi/hal",
  ]
  solver-name = "gps-cdcl"
  solver-version = 1
